# This file is automatically @generated by Poetry 1.6.1 and should not be changed by hand.

[[package]]
name = "boto3"
version = "1.34.138"
description = "The AWS SDK for Python"
optional = false
python-versions = ">=3.8"
files = [
    {file = "boto3-1.34.138-py3-none-any.whl", hash = "sha256:81518aa95fad71279411fb5c94da4b4a554a5d53fc876faca62b7b5c8737f1cb"},
    {file = "boto3-1.34.138.tar.gz", hash = "sha256:f79c15e33eb7706f197d98d828b193cf0891966682ad3ec5e900f6f9e7362e35"},
]

[package.dependencies]
botocore = ">=1.34.138,<1.35.0"
jmespath = ">=0.7.1,<2.0.0"
s3transfer = ">=0.10.0,<0.11.0"

[package.extras]
crt = ["botocore[crt] (>=1.21.0,<2.0a0)"]

[[package]]
name = "botocore"
version = "1.34.138"
description = "Low-level, data-driven core of boto 3."
optional = false
python-versions = ">=3.8"
files = [
    {file = "botocore-1.34.138-py3-none-any.whl", hash = "sha256:84e96a954c39a6f09cae4ea95b2ae582b5ae01b5040c92507b60509c9be5377a"},
    {file = "botocore-1.34.138.tar.gz", hash = "sha256:f558bbea96c4a4abbaeeedc477dabb00902311ba1ca6327974a6819b9f384920"},
]

[package.dependencies]
jmespath = ">=0.7.1,<2.0.0"
python-dateutil = ">=2.1,<3.0.0"
urllib3 = [
    {version = ">=1.25.4,<1.27", markers = "python_version < \"3.10\""},
    {version = ">=1.25.4,<2.2.0 || >2.2.0,<3", markers = "python_version >= \"3.10\""},
]

[package.extras]
crt = ["awscrt (==0.20.11)"]

[[package]]
name = "colorama"
version = "0.4.6"
description = "Cross-platform colored terminal text."
optional = false
python-versions = "!=3.0.*,!=3.1.*,!=3.2.*,!=3.3.*,!=3.4.*,!=3.5.*,!=3.6.*,>=2.7"
files = [
    {file = "colorama-0.4.6-py2.py3-none-any.whl", hash = "sha256:4f1d9991f5acc0ca119f9d443620b77f9d6b33703e51011c16baf57afb285fc6"},
    {file = "colorama-0.4.6.tar.gz", hash = "sha256:08695f5cb7ed6e0531a20572697297273c47b8cae5a63ffc6d6ed5c201be6e44"},
]

[[package]]
name = "dnspython"
version = "2.6.1"
description = "DNS toolkit"
optional = false
python-versions = ">=3.8"
files = [
    {file = "dnspython-2.6.1-py3-none-any.whl", hash = "sha256:5ef3b9680161f6fa89daf8ad451b5f1a33b18ae8a1c6778cdf4b43f08c0a6e50"},
    {file = "dnspython-2.6.1.tar.gz", hash = "sha256:e8f0f9c23a7b7cb99ded64e6c3a6f3e701d78f50c55e002b839dea7225cff7cc"},
]

[package.extras]
dev = ["black (>=23.1.0)", "coverage (>=7.0)", "flake8 (>=7)", "mypy (>=1.8)", "pylint (>=3)", "pytest (>=7.4)", "pytest-cov (>=4.1.0)", "sphinx (>=7.2.0)", "twine (>=4.0.0)", "wheel (>=0.42.0)"]
dnssec = ["cryptography (>=41)"]
doh = ["h2 (>=4.1.0)", "httpcore (>=1.0.0)", "httpx (>=0.26.0)"]
doq = ["aioquic (>=0.9.25)"]
idna = ["idna (>=3.6)"]
trio = ["trio (>=0.23)"]
wmi = ["wmi (>=1.5.1)"]

[[package]]
name = "jmespath"
version = "1.0.1"
description = "JSON Matching Expressions"
optional = false
python-versions = ">=3.7"
files = [
    {file = "jmespath-1.0.1-py3-none-any.whl", hash = "sha256:02e2e4cc71b5bcab88332eebf907519190dd9e6e82107fa7f83b1003a6252980"},
    {file = "jmespath-1.0.1.tar.gz", hash = "sha256:90261b206d6defd58fdd5e85f478bf633a2901798906be2ad389150c5c60edbe"},
]

[[package]]
name = "numpy"
version = "1.26.4"
description = "Fundamental package for array computing in Python"
optional = false
python-versions = ">=3.9"
files = [
    {file = "numpy-1.26.4-cp310-cp310-macosx_10_9_x86_64.whl", hash = "sha256:9ff0f4f29c51e2803569d7a51c2304de5554655a60c5d776e35b4a41413830d0"},
    {file = "numpy-1.26.4-cp310-cp310-macosx_11_0_arm64.whl", hash = "sha256:2e4ee3380d6de9c9ec04745830fd9e2eccb3e6cf790d39d7b98ffd19b0dd754a"},
    {file = "numpy-1.26.4-cp310-cp310-manylinux_2_17_aarch64.manylinux2014_aarch64.whl", hash = "sha256:d209d8969599b27ad20994c8e41936ee0964e6da07478d6c35016bc386b66ad4"},
    {file = "numpy-1.26.4-cp310-cp310-manylinux_2_17_x86_64.manylinux2014_x86_64.whl", hash = "sha256:ffa75af20b44f8dba823498024771d5ac50620e6915abac414251bd971b4529f"},
    {file = "numpy-1.26.4-cp310-cp310-musllinux_1_1_aarch64.whl", hash = "sha256:62b8e4b1e28009ef2846b4c7852046736bab361f7aeadeb6a5b89ebec3c7055a"},
    {file = "numpy-1.26.4-cp310-cp310-musllinux_1_1_x86_64.whl", hash = "sha256:a4abb4f9001ad2858e7ac189089c42178fcce737e4169dc61321660f1a96c7d2"},
    {file = "numpy-1.26.4-cp310-cp310-win32.whl", hash = "sha256:bfe25acf8b437eb2a8b2d49d443800a5f18508cd811fea3181723922a8a82b07"},
    {file = "numpy-1.26.4-cp310-cp310-win_amd64.whl", hash = "sha256:b97fe8060236edf3662adfc2c633f56a08ae30560c56310562cb4f95500022d5"},
    {file = "numpy-1.26.4-cp311-cp311-macosx_10_9_x86_64.whl", hash = "sha256:4c66707fabe114439db9068ee468c26bbdf909cac0fb58686a42a24de1760c71"},
    {file = "numpy-1.26.4-cp311-cp311-macosx_11_0_arm64.whl", hash = "sha256:edd8b5fe47dab091176d21bb6de568acdd906d1887a4584a15a9a96a1dca06ef"},
    {file = "numpy-1.26.4-cp311-cp311-manylinux_2_17_aarch64.manylinux2014_aarch64.whl", hash = "sha256:7ab55401287bfec946ced39700c053796e7cc0e3acbef09993a9ad2adba6ca6e"},
    {file = "numpy-1.26.4-cp311-cp311-manylinux_2_17_x86_64.manylinux2014_x86_64.whl", hash = "sha256:666dbfb6ec68962c033a450943ded891bed2d54e6755e35e5835d63f4f6931d5"},
    {file = "numpy-1.26.4-cp311-cp311-musllinux_1_1_aarch64.whl", hash = "sha256:96ff0b2ad353d8f990b63294c8986f1ec3cb19d749234014f4e7eb0112ceba5a"},
    {file = "numpy-1.26.4-cp311-cp311-musllinux_1_1_x86_64.whl", hash = "sha256:60dedbb91afcbfdc9bc0b1f3f402804070deed7392c23eb7a7f07fa857868e8a"},
    {file = "numpy-1.26.4-cp311-cp311-win32.whl", hash = "sha256:1af303d6b2210eb850fcf03064d364652b7120803a0b872f5211f5234b399f20"},
    {file = "numpy-1.26.4-cp311-cp311-win_amd64.whl", hash = "sha256:cd25bcecc4974d09257ffcd1f098ee778f7834c3ad767fe5db785be9a4aa9cb2"},
    {file = "numpy-1.26.4-cp312-cp312-macosx_10_9_x86_64.whl", hash = "sha256:b3ce300f3644fb06443ee2222c2201dd3a89ea6040541412b8fa189341847218"},
    {file = "numpy-1.26.4-cp312-cp312-macosx_11_0_arm64.whl", hash = "sha256:03a8c78d01d9781b28a6989f6fa1bb2c4f2d51201cf99d3dd875df6fbd96b23b"},
    {file = "numpy-1.26.4-cp312-cp312-manylinux_2_17_aarch64.manylinux2014_aarch64.whl", hash = "sha256:9fad7dcb1aac3c7f0584a5a8133e3a43eeb2fe127f47e3632d43d677c66c102b"},
    {file = "numpy-1.26.4-cp312-cp312-manylinux_2_17_x86_64.manylinux2014_x86_64.whl", hash = "sha256:675d61ffbfa78604709862923189bad94014bef562cc35cf61d3a07bba02a7ed"},
    {file = "numpy-1.26.4-cp312-cp312-musllinux_1_1_aarch64.whl", hash = "sha256:ab47dbe5cc8210f55aa58e4805fe224dac469cde56b9f731a4c098b91917159a"},
    {file = "numpy-1.26.4-cp312-cp312-musllinux_1_1_x86_64.whl", hash = "sha256:1dda2e7b4ec9dd512f84935c5f126c8bd8b9f2fc001e9f54af255e8c5f16b0e0"},
    {file = "numpy-1.26.4-cp312-cp312-win32.whl", hash = "sha256:50193e430acfc1346175fcbdaa28ffec49947a06918b7b92130744e81e640110"},
    {file = "numpy-1.26.4-cp312-cp312-win_amd64.whl", hash = "sha256:08beddf13648eb95f8d867350f6a018a4be2e5ad54c8d8caed89ebca558b2818"},
    {file = "numpy-1.26.4-cp39-cp39-macosx_10_9_x86_64.whl", hash = "sha256:7349ab0fa0c429c82442a27a9673fc802ffdb7c7775fad780226cb234965e53c"},
    {file = "numpy-1.26.4-cp39-cp39-macosx_11_0_arm64.whl", hash = "sha256:52b8b60467cd7dd1e9ed082188b4e6bb35aa5cdd01777621a1658910745b90be"},
    {file = "numpy-1.26.4-cp39-cp39-manylinux_2_17_aarch64.manylinux2014_aarch64.whl", hash = "sha256:d5241e0a80d808d70546c697135da2c613f30e28251ff8307eb72ba696945764"},
    {file = "numpy-1.26.4-cp39-cp39-manylinux_2_17_x86_64.manylinux2014_x86_64.whl", hash = "sha256:f870204a840a60da0b12273ef34f7051e98c3b5961b61b0c2c1be6dfd64fbcd3"},
    {file = "numpy-1.26.4-cp39-cp39-musllinux_1_1_aarch64.whl", hash = "sha256:679b0076f67ecc0138fd2ede3a8fd196dddc2ad3254069bcb9faf9a79b1cebcd"},
    {file = "numpy-1.26.4-cp39-cp39-musllinux_1_1_x86_64.whl", hash = "sha256:47711010ad8555514b434df65f7d7b076bb8261df1ca9bb78f53d3b2db02e95c"},
    {file = "numpy-1.26.4-cp39-cp39-win32.whl", hash = "sha256:a354325ee03388678242a4d7ebcd08b5c727033fcff3b2f536aea978e15ee9e6"},
    {file = "numpy-1.26.4-cp39-cp39-win_amd64.whl", hash = "sha256:3373d5d70a5fe74a2c1bb6d2cfd9609ecf686d47a2d7b1d37a8f3b6bf6003aea"},
    {file = "numpy-1.26.4-pp39-pypy39_pp73-macosx_10_9_x86_64.whl", hash = "sha256:afedb719a9dcfc7eaf2287b839d8198e06dcd4cb5d276a3df279231138e83d30"},
    {file = "numpy-1.26.4-pp39-pypy39_pp73-manylinux_2_17_x86_64.manylinux2014_x86_64.whl", hash = "sha256:95a7476c59002f2f6c590b9b7b998306fba6a5aa646b1e22ddfeaf8f78c3a29c"},
    {file = "numpy-1.26.4-pp39-pypy39_pp73-win_amd64.whl", hash = "sha256:7e50d0a0cc3189f9cb0aeb3a6a6af18c16f59f004b866cd2be1c14b36134a4a0"},
    {file = "numpy-1.26.4.tar.gz", hash = "sha256:2a02aba9ed12e4ac4eb3ea9421c420301a0c6460d9830d74a9df87efa4912010"},
]

[[package]]
name = "pandas"
version = "1.5.3"
description = "Powerful data structures for data analysis, time series, and statistics"
optional = false
python-versions = ">=3.8"
files = [
    {file = "pandas-1.5.3-cp310-cp310-macosx_10_9_universal2.whl", hash = "sha256:3749077d86e3a2f0ed51367f30bf5b82e131cc0f14260c4d3e499186fccc4406"},
    {file = "pandas-1.5.3-cp310-cp310-macosx_10_9_x86_64.whl", hash = "sha256:972d8a45395f2a2d26733eb8d0f629b2f90bebe8e8eddbb8829b180c09639572"},
    {file = "pandas-1.5.3-cp310-cp310-macosx_11_0_arm64.whl", hash = "sha256:50869a35cbb0f2e0cd5ec04b191e7b12ed688874bd05dd777c19b28cbea90996"},
    {file = "pandas-1.5.3-cp310-cp310-manylinux_2_17_aarch64.manylinux2014_aarch64.whl", hash = "sha256:c3ac844a0fe00bfaeb2c9b51ab1424e5c8744f89860b138434a363b1f620f354"},
    {file = "pandas-1.5.3-cp310-cp310-manylinux_2_17_x86_64.manylinux2014_x86_64.whl", hash = "sha256:7a0a56cef15fd1586726dace5616db75ebcfec9179a3a55e78f72c5639fa2a23"},
    {file = "pandas-1.5.3-cp310-cp310-win_amd64.whl", hash = "sha256:478ff646ca42b20376e4ed3fa2e8d7341e8a63105586efe54fa2508ee087f328"},
    {file = "pandas-1.5.3-cp311-cp311-macosx_10_9_universal2.whl", hash = "sha256:6973549c01ca91ec96199e940495219c887ea815b2083722821f1d7abfa2b4dc"},
    {file = "pandas-1.5.3-cp311-cp311-macosx_10_9_x86_64.whl", hash = "sha256:c39a8da13cede5adcd3be1182883aea1c925476f4e84b2807a46e2775306305d"},
    {file = "pandas-1.5.3-cp311-cp311-macosx_11_0_arm64.whl", hash = "sha256:f76d097d12c82a535fda9dfe5e8dd4127952b45fea9b0276cb30cca5ea313fbc"},
    {file = "pandas-1.5.3-cp311-cp311-manylinux_2_17_aarch64.manylinux2014_aarch64.whl", hash = "sha256:e474390e60ed609cec869b0da796ad94f420bb057d86784191eefc62b65819ae"},
    {file = "pandas-1.5.3-cp311-cp311-manylinux_2_17_x86_64.manylinux2014_x86_64.whl", hash = "sha256:5f2b952406a1588ad4cad5b3f55f520e82e902388a6d5a4a91baa8d38d23c7f6"},
    {file = "pandas-1.5.3-cp311-cp311-win_amd64.whl", hash = "sha256:bc4c368f42b551bf72fac35c5128963a171b40dce866fb066540eeaf46faa003"},
    {file = "pandas-1.5.3-cp38-cp38-macosx_10_9_universal2.whl", hash = "sha256:14e45300521902689a81f3f41386dc86f19b8ba8dd5ac5a3c7010ef8d2932813"},
    {file = "pandas-1.5.3-cp38-cp38-macosx_10_9_x86_64.whl", hash = "sha256:9842b6f4b8479e41968eced654487258ed81df7d1c9b7b870ceea24ed9459b31"},
    {file = "pandas-1.5.3-cp38-cp38-macosx_11_0_arm64.whl", hash = "sha256:26d9c71772c7afb9d5046e6e9cf42d83dd147b5cf5bcb9d97252077118543792"},
    {file = "pandas-1.5.3-cp38-cp38-manylinux_2_17_aarch64.manylinux2014_aarch64.whl", hash = "sha256:5fbcb19d6fceb9e946b3e23258757c7b225ba450990d9ed63ccceeb8cae609f7"},
    {file = "pandas-1.5.3-cp38-cp38-manylinux_2_17_x86_64.manylinux2014_x86_64.whl", hash = "sha256:565fa34a5434d38e9d250af3c12ff931abaf88050551d9fbcdfafca50d62babf"},
    {file = "pandas-1.5.3-cp38-cp38-win32.whl", hash = "sha256:87bd9c03da1ac870a6d2c8902a0e1fd4267ca00f13bc494c9e5a9020920e1d51"},
    {file = "pandas-1.5.3-cp38-cp38-win_amd64.whl", hash = "sha256:41179ce559943d83a9b4bbacb736b04c928b095b5f25dd2b7389eda08f46f373"},
    {file = "pandas-1.5.3-cp39-cp39-macosx_10_9_universal2.whl", hash = "sha256:c74a62747864ed568f5a82a49a23a8d7fe171d0c69038b38cedf0976831296fa"},
    {file = "pandas-1.5.3-cp39-cp39-macosx_10_9_x86_64.whl", hash = "sha256:c4c00e0b0597c8e4f59e8d461f797e5d70b4d025880516a8261b2817c47759ee"},
    {file = "pandas-1.5.3-cp39-cp39-macosx_11_0_arm64.whl", hash = "sha256:a50d9a4336a9621cab7b8eb3fb11adb82de58f9b91d84c2cd526576b881a0c5a"},
    {file = "pandas-1.5.3-cp39-cp39-manylinux_2_17_aarch64.manylinux2014_aarch64.whl", hash = "sha256:dd05f7783b3274aa206a1af06f0ceed3f9b412cf665b7247eacd83be41cf7bf0"},
    {file = "pandas-1.5.3-cp39-cp39-manylinux_2_17_x86_64.manylinux2014_x86_64.whl", hash = "sha256:9f69c4029613de47816b1bb30ff5ac778686688751a5e9c99ad8c7031f6508e5"},
    {file = "pandas-1.5.3-cp39-cp39-win32.whl", hash = "sha256:7cec0bee9f294e5de5bbfc14d0573f65526071029d036b753ee6507d2a21480a"},
    {file = "pandas-1.5.3-cp39-cp39-win_amd64.whl", hash = "sha256:dfd681c5dc216037e0b0a2c821f5ed99ba9f03ebcf119c7dac0e9a7b960b9ec9"},
    {file = "pandas-1.5.3.tar.gz", hash = "sha256:74a3fd7e5a7ec052f183273dc7b0acd3a863edf7520f5d3a1765c04ffdb3b0b1"},
]

[package.dependencies]
numpy = [
    {version = ">=1.20.3", markers = "python_version < \"3.10\""},
    {version = ">=1.23.2", markers = "python_version >= \"3.11\""},
    {version = ">=1.21.0", markers = "python_version >= \"3.10\" and python_version < \"3.11\""},
]
python-dateutil = ">=2.8.1"
pytz = ">=2020.1"

[package.extras]
test = ["hypothesis (>=5.5.3)", "pytest (>=6.0)", "pytest-xdist (>=1.31)"]

[[package]]
name = "pyarrow"
version = "7.0.0"
description = "Python library for Apache Arrow"
optional = false
python-versions = ">=3.7"
files = [
    {file = "pyarrow-7.0.0-cp310-cp310-macosx_10_13_universal2.whl", hash = "sha256:0f15213f380539c9640cb2413dc677b55e70f04c9e98cfc2e1d8b36c770e1036"},
    {file = "pyarrow-7.0.0-cp310-cp310-macosx_10_13_x86_64.whl", hash = "sha256:29c4e3b3be0b94d07ff4921a5e410fc690a3a066a850a302fc504de5fc638495"},
    {file = "pyarrow-7.0.0-cp310-cp310-macosx_10_9_x86_64.whl", hash = "sha256:8a9bfc8a016bcb8f9a8536d2fa14a890b340bc7a236275cd60fd4fb8b93ff405"},
    {file = "pyarrow-7.0.0-cp310-cp310-macosx_11_0_arm64.whl", hash = "sha256:49d431ed644a3e8f53ae2bbf4b514743570b495b5829548db51610534b6eeee7"},
    {file = "pyarrow-7.0.0-cp310-cp310-manylinux_2_12_x86_64.manylinux2010_x86_64.whl", hash = "sha256:aa6442a321c1e49480b3d436f7d631c895048a16df572cf71c23c6b53c45ed66"},
    {file = "pyarrow-7.0.0-cp310-cp310-manylinux_2_17_aarch64.manylinux2014_aarch64.whl", hash = "sha256:f6b01a23cb401750092c6f7c4dcae67cd8fd6b99ae710e26f654f23508f25f25"},
    {file = "pyarrow-7.0.0-cp310-cp310-manylinux_2_17_x86_64.manylinux2014_x86_64.whl", hash = "sha256:0f10928745c6ff66e121552731409803bed86c66ac79c64c90438b053b5242c5"},
    {file = "pyarrow-7.0.0-cp310-cp310-win_amd64.whl", hash = "sha256:759090caa1474cafb5e68c93a9bd6cb45d8bb8e4f2cad2f1a0cc9439bae8ae88"},
    {file = "pyarrow-7.0.0-cp37-cp37m-macosx_10_13_x86_64.whl", hash = "sha256:e3fe34bcfc28d9c4a747adc3926d2307a04c5c50b89155946739515ccfe5eab0"},
    {file = "pyarrow-7.0.0-cp37-cp37m-macosx_10_9_x86_64.whl", hash = "sha256:040dce5345603e4e621bcf4f3b21f18d557852e7b15307e559bb14c8951c8714"},
    {file = "pyarrow-7.0.0-cp37-cp37m-manylinux_2_12_x86_64.manylinux2010_x86_64.whl", hash = "sha256:ed4b647c3345ae3463d341a9d28d0260cd302fb92ecf4e2e3e0f1656d6e0e55c"},
    {file = "pyarrow-7.0.0-cp37-cp37m-manylinux_2_17_aarch64.manylinux2014_aarch64.whl", hash = "sha256:e7fecd5d5604f47e003f50887a42aee06cb8b7bf8e8bf7dc543a22331d9ba832"},
    {file = "pyarrow-7.0.0-cp37-cp37m-manylinux_2_17_x86_64.manylinux2014_x86_64.whl", hash = "sha256:1f2d00b892fe865e43346acb78761ba268f8bb1cbdba588816590abcb780ee3d"},
    {file = "pyarrow-7.0.0-cp37-cp37m-win_amd64.whl", hash = "sha256:f439f7d77201681fd31391d189aa6b1322d27c9311a8f2fce7d23972471b02b6"},
    {file = "pyarrow-7.0.0-cp38-cp38-macosx_10_13_x86_64.whl", hash = "sha256:3e06b0e29ce1e32f219c670c6b31c33d25a5b8e29c7828f873373aab78bf30a5"},
    {file = "pyarrow-7.0.0-cp38-cp38-macosx_10_9_x86_64.whl", hash = "sha256:13dc05bcf79dbc1bd2de1b05d26eb64824b85883d019d81ca3c2eca9b68b5a44"},
    {file = "pyarrow-7.0.0-cp38-cp38-macosx_11_0_arm64.whl", hash = "sha256:06183a7ff2b0c030ec0413fc4dc98abad8cf336c78c280a0b7f4bcbebb78d125"},
    {file = "pyarrow-7.0.0-cp38-cp38-manylinux_2_12_x86_64.manylinux2010_x86_64.whl", hash = "sha256:702c5a9f960b56d03569eaaca2c1a05e8728f05ea1a2138ef64234aa53cd5884"},
    {file = "pyarrow-7.0.0-cp38-cp38-manylinux_2_17_aarch64.manylinux2014_aarch64.whl", hash = "sha256:c7313038203df77ec4092d6363dbc0945071caa72635f365f2b1ae0dd7469865"},
    {file = "pyarrow-7.0.0-cp38-cp38-manylinux_2_17_x86_64.manylinux2014_x86_64.whl", hash = "sha256:e87d1f7dc7a0b2ecaeb0c7a883a85710f5b5626d4134454f905571c04bc73d5a"},
    {file = "pyarrow-7.0.0-cp38-cp38-win_amd64.whl", hash = "sha256:ba69488ae25c7fde1a2ae9ea29daf04d676de8960ffd6f82e1e13ca945bb5861"},
    {file = "pyarrow-7.0.0-cp39-cp39-macosx_10_13_universal2.whl", hash = "sha256:11a591f11d2697c751261c9d57e6e5b0d38fdc7f0cc57f4fd6edc657da7737df"},
    {file = "pyarrow-7.0.0-cp39-cp39-macosx_10_13_x86_64.whl", hash = "sha256:6183c700877852dc0f8a76d4c0c2ffd803ba459e2b4a452e355c2d58d48cf39f"},
    {file = "pyarrow-7.0.0-cp39-cp39-macosx_10_9_x86_64.whl", hash = "sha256:d1748154714b543e6ae8452a68d4af85caf5298296a7e5d4d00f1b3021838ac6"},
    {file = "pyarrow-7.0.0-cp39-cp39-macosx_11_0_arm64.whl", hash = "sha256:fcc8f934c7847a88f13ec35feecffb61fe63bb7a3078bd98dd353762e969ce60"},
    {file = "pyarrow-7.0.0-cp39-cp39-manylinux_2_12_x86_64.manylinux2010_x86_64.whl", hash = "sha256:759f59ac77b84878dbd54d06cf6df74ff781b8e7cf9313eeffbb5ec97b94385c"},
    {file = "pyarrow-7.0.0-cp39-cp39-manylinux_2_17_aarch64.manylinux2014_aarch64.whl", hash = "sha256:3d3e3f93ac2993df9c5e1922eab7bdea047b9da918a74e52145399bc1f0099a3"},
    {file = "pyarrow-7.0.0-cp39-cp39-manylinux_2_17_x86_64.manylinux2014_x86_64.whl", hash = "sha256:306120af554e7e137895254a3b4741fad682875a5f6403509cd276de3fe5b844"},
    {file = "pyarrow-7.0.0-cp39-cp39-win_amd64.whl", hash = "sha256:087769dac6e567d58d59b94c4f866b3356c00d3db5b261387ece47e7324c2150"},
    {file = "pyarrow-7.0.0.tar.gz", hash = "sha256:da656cad3c23a2ebb6a307ab01d35fce22f7850059cffafcb90d12590f8f4f38"},
]

[package.dependencies]
numpy = ">=1.16.6"

[[package]]
name = "pymongo"
version = "4.8.0"
description = "Python driver for MongoDB <http://www.mongodb.org>"
optional = false
python-versions = ">=3.8"
files = [
    {file = "pymongo-4.8.0-cp310-cp310-macosx_10_9_x86_64.whl", hash = "sha256:f2b7bec27e047e84947fbd41c782f07c54c30c76d14f3b8bf0c89f7413fac67a"},
    {file = "pymongo-4.8.0-cp310-cp310-macosx_11_0_arm64.whl", hash = "sha256:3c68fe128a171493018ca5c8020fc08675be130d012b7ab3efe9e22698c612a1"},
    {file = "pymongo-4.8.0-cp310-cp310-manylinux_2_17_aarch64.manylinux2014_aarch64.whl", hash = "sha256:920d4f8f157a71b3cb3f39bc09ce070693d6e9648fb0e30d00e2657d1dca4e49"},
    {file = "pymongo-4.8.0-cp310-cp310-manylinux_2_17_ppc64le.manylinux2014_ppc64le.whl", hash = "sha256:52b4108ac9469febba18cea50db972605cc43978bedaa9fea413378877560ef8"},
    {file = "pymongo-4.8.0-cp310-cp310-manylinux_2_17_s390x.manylinux2014_s390x.whl", hash = "sha256:180d5eb1dc28b62853e2f88017775c4500b07548ed28c0bd9c005c3d7bc52526"},
    {file = "pymongo-4.8.0-cp310-cp310-manylinux_2_17_x86_64.manylinux2014_x86_64.whl", hash = "sha256:aec2b9088cdbceb87e6ca9c639d0ff9b9d083594dda5ca5d3c4f6774f4c81b33"},
    {file = "pymongo-4.8.0-cp310-cp310-manylinux_2_5_i686.manylinux1_i686.manylinux_2_17_i686.manylinux2014_i686.whl", hash = "sha256:d0cf61450feadca81deb1a1489cb1a3ae1e4266efd51adafecec0e503a8dcd84"},
    {file = "pymongo-4.8.0-cp310-cp310-win32.whl", hash = "sha256:8b18c8324809539c79bd6544d00e0607e98ff833ca21953df001510ca25915d1"},
    {file = "pymongo-4.8.0-cp310-cp310-win_amd64.whl", hash = "sha256:e5df28f74002e37bcbdfdc5109799f670e4dfef0fb527c391ff84f078050e7b5"},
    {file = "pymongo-4.8.0-cp311-cp311-macosx_10_9_x86_64.whl", hash = "sha256:6b50040d9767197b77ed420ada29b3bf18a638f9552d80f2da817b7c4a4c9c68"},
    {file = "pymongo-4.8.0-cp311-cp311-macosx_11_0_arm64.whl", hash = "sha256:417369ce39af2b7c2a9c7152c1ed2393edfd1cbaf2a356ba31eb8bcbd5c98dd7"},
    {file = "pymongo-4.8.0-cp311-cp311-manylinux_2_17_aarch64.manylinux2014_aarch64.whl", hash = "sha256:bf821bd3befb993a6db17229a2c60c1550e957de02a6ff4dd0af9476637b2e4d"},
    {file = "pymongo-4.8.0-cp311-cp311-manylinux_2_17_ppc64le.manylinux2014_ppc64le.whl", hash = "sha256:9365166aa801c63dff1a3cb96e650be270da06e3464ab106727223123405510f"},
    {file = "pymongo-4.8.0-cp311-cp311-manylinux_2_17_s390x.manylinux2014_s390x.whl", hash = "sha256:cc8b8582f4209c2459b04b049ac03c72c618e011d3caa5391ff86d1bda0cc486"},
    {file = "pymongo-4.8.0-cp311-cp311-manylinux_2_17_x86_64.manylinux2014_x86_64.whl", hash = "sha256:16e5019f75f6827bb5354b6fef8dfc9d6c7446894a27346e03134d290eb9e758"},
    {file = "pymongo-4.8.0-cp311-cp311-manylinux_2_5_i686.manylinux1_i686.manylinux_2_17_i686.manylinux2014_i686.whl", hash = "sha256:3b5802151fc2b51cd45492c80ed22b441d20090fb76d1fd53cd7760b340ff554"},
    {file = "pymongo-4.8.0-cp311-cp311-win32.whl", hash = "sha256:4bf58e6825b93da63e499d1a58de7de563c31e575908d4e24876234ccb910eba"},
    {file = "pymongo-4.8.0-cp311-cp311-win_amd64.whl", hash = "sha256:b747c0e257b9d3e6495a018309b9e0c93b7f0d65271d1d62e572747f4ffafc88"},
    {file = "pymongo-4.8.0-cp312-cp312-macosx_10_9_x86_64.whl", hash = "sha256:e6a720a3d22b54183352dc65f08cd1547204d263e0651b213a0a2e577e838526"},
    {file = "pymongo-4.8.0-cp312-cp312-macosx_11_0_arm64.whl", hash = "sha256:31e4d21201bdf15064cf47ce7b74722d3e1aea2597c6785882244a3bb58c7eab"},
    {file = "pymongo-4.8.0-cp312-cp312-manylinux_2_17_aarch64.manylinux2014_aarch64.whl", hash = "sha256:c6b804bb4f2d9dc389cc9e827d579fa327272cdb0629a99bfe5b83cb3e269ebf"},
    {file = "pymongo-4.8.0-cp312-cp312-manylinux_2_17_ppc64le.manylinux2014_ppc64le.whl", hash = "sha256:f2fbdb87fe5075c8beb17a5c16348a1ea3c8b282a5cb72d173330be2fecf22f5"},
    {file = "pymongo-4.8.0-cp312-cp312-manylinux_2_17_s390x.manylinux2014_s390x.whl", hash = "sha256:cd39455b7ee70aabee46f7399b32ab38b86b236c069ae559e22be6b46b2bbfc4"},
    {file = "pymongo-4.8.0-cp312-cp312-manylinux_2_17_x86_64.manylinux2014_x86_64.whl", hash = "sha256:940d456774b17814bac5ea7fc28188c7a1338d4a233efbb6ba01de957bded2e8"},
    {file = "pymongo-4.8.0-cp312-cp312-manylinux_2_5_i686.manylinux1_i686.manylinux_2_17_i686.manylinux2014_i686.whl", hash = "sha256:236bbd7d0aef62e64caf4b24ca200f8c8670d1a6f5ea828c39eccdae423bc2b2"},
    {file = "pymongo-4.8.0-cp312-cp312-win32.whl", hash = "sha256:47ec8c3f0a7b2212dbc9be08d3bf17bc89abd211901093e3ef3f2adea7de7a69"},
    {file = "pymongo-4.8.0-cp312-cp312-win_amd64.whl", hash = "sha256:e84bc7707492f06fbc37a9f215374d2977d21b72e10a67f1b31893ec5a140ad8"},
    {file = "pymongo-4.8.0-cp38-cp38-macosx_10_9_x86_64.whl", hash = "sha256:519d1bab2b5e5218c64340b57d555d89c3f6c9d717cecbf826fb9d42415e7750"},
    {file = "pymongo-4.8.0-cp38-cp38-macosx_11_0_arm64.whl", hash = "sha256:87075a1feb1e602e539bdb1ef8f4324a3427eb0d64208c3182e677d2c0718b6f"},
    {file = "pymongo-4.8.0-cp38-cp38-manylinux_2_17_aarch64.manylinux2014_aarch64.whl", hash = "sha256:77f53429515d2b3e86dcc83dadecf7ff881e538c168d575f3688698a8707b80a"},
    {file = "pymongo-4.8.0-cp38-cp38-manylinux_2_17_ppc64le.manylinux2014_ppc64le.whl", hash = "sha256:fdc20cd1e1141b04696ffcdb7c71e8a4a665db31fe72e51ec706b3bdd2d09f36"},
    {file = "pymongo-4.8.0-cp38-cp38-manylinux_2_17_s390x.manylinux2014_s390x.whl", hash = "sha256:284d0717d1a7707744018b0b6ee7801b1b1ff044c42f7be7a01bb013de639470"},
    {file = "pymongo-4.8.0-cp38-cp38-manylinux_2_17_x86_64.manylinux2014_x86_64.whl", hash = "sha256:f5bf0eb8b6ef40fa22479f09375468c33bebb7fe49d14d9c96c8fd50355188b0"},
    {file = "pymongo-4.8.0-cp38-cp38-manylinux_2_5_i686.manylinux1_i686.manylinux_2_17_i686.manylinux2014_i686.whl", hash = "sha256:2ecd71b9226bd1d49416dc9f999772038e56f415a713be51bf18d8676a0841c8"},
    {file = "pymongo-4.8.0-cp38-cp38-manylinux_2_5_i686.manylinux1_i686.whl", hash = "sha256:e0061af6e8c5e68b13f1ec9ad5251247726653c5af3c0bbdfbca6cf931e99216"},
    {file = "pymongo-4.8.0-cp38-cp38-manylinux_2_5_x86_64.manylinux1_x86_64.whl", hash = "sha256:658d0170f27984e0d89c09fe5c42296613b711a3ffd847eb373b0dbb5b648d5f"},
    {file = "pymongo-4.8.0-cp38-cp38-win32.whl", hash = "sha256:3ed1c316718a2836f7efc3d75b4b0ffdd47894090bc697de8385acd13c513a70"},
    {file = "pymongo-4.8.0-cp38-cp38-win_amd64.whl", hash = "sha256:7148419eedfea9ecb940961cfe465efaba90595568a1fb97585fb535ea63fe2b"},
    {file = "pymongo-4.8.0-cp39-cp39-macosx_10_9_x86_64.whl", hash = "sha256:e8400587d594761e5136a3423111f499574be5fd53cf0aefa0d0f05b180710b0"},
    {file = "pymongo-4.8.0-cp39-cp39-macosx_11_0_arm64.whl", hash = "sha256:af3e98dd9702b73e4e6fd780f6925352237f5dce8d99405ff1543f3771201704"},
    {file = "pymongo-4.8.0-cp39-cp39-manylinux_2_17_aarch64.manylinux2014_aarch64.whl", hash = "sha256:de3a860f037bb51f968de320baef85090ff0bbb42ec4f28ec6a5ddf88be61871"},
    {file = "pymongo-4.8.0-cp39-cp39-manylinux_2_17_ppc64le.manylinux2014_ppc64le.whl", hash = "sha256:0fc18b3a093f3db008c5fea0e980dbd3b743449eee29b5718bc2dc15ab5088bb"},
    {file = "pymongo-4.8.0-cp39-cp39-manylinux_2_17_s390x.manylinux2014_s390x.whl", hash = "sha256:18c9d8f975dd7194c37193583fd7d1eb9aea0c21ee58955ecf35362239ff31ac"},
    {file = "pymongo-4.8.0-cp39-cp39-manylinux_2_17_x86_64.manylinux2014_x86_64.whl", hash = "sha256:408b2f8fdbeca3c19e4156f28fff1ab11c3efb0407b60687162d49f68075e63c"},
    {file = "pymongo-4.8.0-cp39-cp39-manylinux_2_5_i686.manylinux1_i686.manylinux_2_17_i686.manylinux2014_i686.whl", hash = "sha256:b6564780cafd6abeea49759fe661792bd5a67e4f51bca62b88faab497ab5fe89"},
    {file = "pymongo-4.8.0-cp39-cp39-manylinux_2_5_i686.manylinux1_i686.whl", hash = "sha256:d18d86bc9e103f4d3d4f18b85a0471c0e13ce5b79194e4a0389a224bb70edd53"},
    {file = "pymongo-4.8.0-cp39-cp39-manylinux_2_5_x86_64.manylinux1_x86_64.whl", hash = "sha256:9097c331577cecf8034422956daaba7ec74c26f7b255d718c584faddd7fa2e3c"},
    {file = "pymongo-4.8.0-cp39-cp39-win32.whl", hash = "sha256:d5428dbcd43d02f6306e1c3c95f692f68b284e6ee5390292242f509004c9e3a8"},
    {file = "pymongo-4.8.0-cp39-cp39-win_amd64.whl", hash = "sha256:ef7225755ed27bfdb18730c68f6cb023d06c28f2b734597480fb4c0e500feb6f"},
    {file = "pymongo-4.8.0.tar.gz", hash = "sha256:454f2295875744dc70f1881e4b2eb99cdad008a33574bc8aaf120530f66c0cde"},
]

[package.dependencies]
dnspython = ">=1.16.0,<3.0.0"

[package.extras]
aws = ["pymongo-auth-aws (>=1.1.0,<2.0.0)"]
docs = ["furo (==2023.9.10)", "readthedocs-sphinx-search (>=0.3,<1.0)", "sphinx (>=5.3,<8)", "sphinx-rtd-theme (>=2,<3)", "sphinxcontrib-shellcheck (>=1,<2)"]
encryption = ["certifi", "pymongo-auth-aws (>=1.1.0,<2.0.0)", "pymongocrypt (>=1.6.0,<2.0.0)"]
gssapi = ["pykerberos", "winkerberos (>=0.5.0)"]
ocsp = ["certifi", "cryptography (>=2.5)", "pyopenssl (>=17.2.0)", "requests (<3.0.0)", "service-identity (>=18.1.0)"]
snappy = ["python-snappy"]
test = ["pytest (>=7)"]
zstd = ["zstandard"]

[[package]]
name = "python-dateutil"
version = "2.9.0.post0"
description = "Extensions to the standard Python datetime module"
optional = false
python-versions = "!=3.0.*,!=3.1.*,!=3.2.*,>=2.7"
files = [
    {file = "python-dateutil-2.9.0.post0.tar.gz", hash = "sha256:37dd54208da7e1cd875388217d5e00ebd4179249f90fb72437e91a35459a0ad3"},
    {file = "python_dateutil-2.9.0.post0-py2.py3-none-any.whl", hash = "sha256:a8b2bc7bffae282281c8140a97d3aa9c14da0b136dfe83f850eea9a5f7470427"},
]

[package.dependencies]
six = ">=1.5"

[[package]]
name = "pytz"
version = "2024.1"
description = "World timezone definitions, modern and historical"
optional = false
python-versions = "*"
files = [
    {file = "pytz-2024.1-py2.py3-none-any.whl", hash = "sha256:328171f4e3623139da4983451950b28e95ac706e13f3f2630a879749e7a8b319"},
    {file = "pytz-2024.1.tar.gz", hash = "sha256:2a29735ea9c18baf14b448846bde5a48030ed267578472d8955cd0e7443a9812"},
]

[[package]]
name = "s3transfer"
version = "0.10.2"
description = "An Amazon S3 Transfer Manager"
optional = false
python-versions = ">=3.8"
files = [
    {file = "s3transfer-0.10.2-py3-none-any.whl", hash = "sha256:eca1c20de70a39daee580aef4986996620f365c4e0fda6a86100231d62f1bf69"},
    {file = "s3transfer-0.10.2.tar.gz", hash = "sha256:0711534e9356d3cc692fdde846b4a1e4b0cb6519971860796e6bc4c7aea00ef6"},
]

[package.dependencies]
botocore = ">=1.33.2,<2.0a.0"

[package.extras]
crt = ["botocore[crt] (>=1.33.2,<2.0a.0)"]

[[package]]
name = "six"
version = "1.16.0"
description = "Python 2 and 3 compatibility utilities"
optional = false
python-versions = ">=2.7, !=3.0.*, !=3.1.*, !=3.2.*"
files = [
    {file = "six-1.16.0-py2.py3-none-any.whl", hash = "sha256:8abb2f1d86890a2dfb989f9a77cfcfd3e47c2a354b01111771326f8aa26e0254"},
    {file = "six-1.16.0.tar.gz", hash = "sha256:1e61c37477a1626458e36f7b1d82aa5c9b094fa4802892072e49de9c60c4c926"},
]

[[package]]
name = "tqdm"
version = "4.66.4"
description = "Fast, Extensible Progress Meter"
optional = false
python-versions = ">=3.7"
files = [
    {file = "tqdm-4.66.4-py3-none-any.whl", hash = "sha256:b75ca56b413b030bc3f00af51fd2c1a1a5eac6a0c1cca83cbb37a5c52abce644"},
    {file = "tqdm-4.66.4.tar.gz", hash = "sha256:e4d936c9de8727928f3be6079590e97d9abfe8d39a590be678eb5919ffc186bb"},
]

[package.dependencies]
colorama = {version = "*", markers = "platform_system == \"Windows\""}

[package.extras]
dev = ["pytest (>=6)", "pytest-cov", "pytest-timeout", "pytest-xdist"]
notebook = ["ipywidgets (>=6)"]
slack = ["slack-sdk"]
telegram = ["requests"]

[[package]]
name = "urllib3"
version = "1.26.19"
description = "HTTP library with thread-safe connection pooling, file post, and more."
optional = false
python-versions = "!=3.0.*,!=3.1.*,!=3.2.*,!=3.3.*,!=3.4.*,!=3.5.*,>=2.7"
files = [
    {file = "urllib3-1.26.19-py2.py3-none-any.whl", hash = "sha256:37a0344459b199fce0e80b0d3569837ec6b6937435c5244e7fd73fa6006830f3"},
    {file = "urllib3-1.26.19.tar.gz", hash = "sha256:3e3d753a8618b86d7de333b4223005f68720bcd6a7d2bcb9fbd2229ec7c1e429"},
]

[package.extras]
brotli = ["brotli (==1.0.9)", "brotli (>=1.0.9)", "brotlicffi (>=0.8.0)", "brotlipy (>=0.6.0)"]
secure = ["certifi", "cryptography (>=1.3.4)", "idna (>=2.0.0)", "ipaddress", "pyOpenSSL (>=0.14)", "urllib3-secure-extra"]
socks = ["PySocks (>=1.5.6,!=1.5.7,<2.0)"]

[[package]]
name = "urllib3"
version = "2.2.2"
description = "HTTP library with thread-safe connection pooling, file post, and more."
optional = false
python-versions = ">=3.8"
files = [
    {file = "urllib3-2.2.2-py3-none-any.whl", hash = "sha256:a448b2f64d686155468037e1ace9f2d2199776e17f0a46610480d311f73e3472"},
    {file = "urllib3-2.2.2.tar.gz", hash = "sha256:dd505485549a7a552833da5e6063639d0d177c04f23bc3864e41e5dc5f612168"},
]

[package.extras]
brotli = ["brotli (>=1.0.9)", "brotlicffi (>=0.8.0)"]
h2 = ["h2 (>=4,<5)"]
socks = ["pysocks (>=1.5.6,!=1.5.7,<2.0)"]
zstd = ["zstandard (>=0.18.0)"]

[metadata]
lock-version = "2.0"
python-versions = "^3.9"
content-hash = "28c9cbc5933cfe20f739c51740d250c3e8abbcea25f27995d1d0951973314394"
